
Microsoft Visual Studio Solution File, Format Version 12.00
# Visual Studio Version 16
VisualStudioVersion = 16.0.29728.190
MinimumVisualStudioVersion = 10.0.40219.1
Project("{FAE04EC0-301F-11D3-BF4B-00C04F79EFBC}") = "NonLethalWeapons", "NonLethalWeapons\NonLethalWeapons.csproj", "{B862C66E-3312-4EA4-9CF2-B475499533B4}"
EndProject
Project("{FAE04EC0-301F-11D3-BF4B-00C04F79EFBC}") = "NonLethalWeapons1.0", "NonLethalWeapons\NonLethalWeapons1.0.csproj", "{BF58CC98-F10B-4981-B4DC-49E7936E27CB}"
EndProject
Global
	GlobalSection(SolutionConfigurationPlatforms) = preSolution
		Debug|Any CPU = Debug|Any CPU
		Release|Any CPU = Release|Any CPU
	EndGlobalSection
	GlobalSection(ProjectConfigurationPlatforms) = postSolution
		{B862C66E-3312-4EA4-9CF2-B475499533B4}.Debug|Any CPU.ActiveCfg = Debug|Any CPU
		{B862C66E-3312-4EA4-9CF2-B475499533B4}.Debug|Any CPU.Build.0 = Debug|Any CPU
		{B862C66E-3312-4EA4-9CF2-B475499533B4}.Release|Any CPU.ActiveCfg = Release|Any CPU
		{B862C66E-3312-4EA4-9CF2-B475499533B4}.Release|Any CPU.Build.0 = Release|Any CPU
		{BF58CC98-F10B-4981-B4DC-49E7936E27CB}.Debug|Any CPU.ActiveCfg = Debug|Any CPU
		{BF58CC98-F10B-4981-B4DC-49E7936E27CB}.Debug|Any CPU.Build.0 = Debug|Any CPU
		{BF58CC98-F10B-4981-B4DC-49E7936E27CB}.Release|Any CPU.ActiveCfg = Release|Any CPU
		{BF58CC98-F10B-4981-B4DC-49E7936E27CB}.Release|Any CPU.Build.0 = Release|Any CPU
	EndGlobalSection
	GlobalSection(SolutionProperties) = preSolution
		HideSolutionNode = FALSE
	EndGlobalSection
	GlobalSection(ExtensibilityGlobals) = postSolution
		SolutionGuid = {02F97CC0-7349-4E74-A887-B829B8E06AED}
	EndGlobalSection
EndGlobal
